
Microsoft Visual Studio Solution File, Format Version 12.00
# Visual Studio Version 16
VisualStudioVersion = 16.0.31129.286
MinimumVisualStudioVersion = 10.0.40219.1
Project("{9A19103F-16F7-4668-BE54-9A1E7A4F7556}") = "WPFInventoryManagementSystem.Domain", "WPFInventoryManagementSystem.Domain\WPFInventoryManagementSystem.Domain.csproj", "{B348730F-F3FC-41FF-8772-426968EDB7EA}"
EndProject
Project("{9A19103F-16F7-4668-BE54-9A1E7A4F7556}") = "WPFInventoryManagementSystem.Data", "Data\WPFInventoryManagementSystem.Data.csproj", "{C457BA20-6725-4DCF-A559-98CB10437CA9}"
EndProject
Project("{9A19103F-16F7-4668-BE54-9A1E7A4F7556}") = "WPFInventoryManagementSystem.UI", "WPFInventoryManagementSystem.UI\WPFInventoryManagementSystem.UI.csproj", "{9839A81E-F4E8-466A-A6ED-D16D074BE1EC}"
EndProject
Project("{FAE04EC0-301F-11D3-BF4B-00C04F79EFBC}") = "WPFInventoryManagementSystem.Application", "WPFInventoryManagementSystem.Application\WPFInventoryManagementSystem.Application.csproj", "{09E3B06F-D370-4B97-AEA3-140873F9770E}"
EndProject
Global
	GlobalSection(SolutionConfigurationPlatforms) = preSolution
		Debug|Any CPU = Debug|Any CPU
		Release|Any CPU = Release|Any CPU
	EndGlobalSection
	GlobalSection(ProjectConfigurationPlatforms) = postSolution
		{B348730F-F3FC-41FF-8772-426968EDB7EA}.Debug|Any CPU.ActiveCfg = Debug|Any CPU
		{B348730F-F3FC-41FF-8772-426968EDB7EA}.Debug|Any CPU.Build.0 = Debug|Any CPU
		{B348730F-F3FC-41FF-8772-426968EDB7EA}.Release|Any CPU.ActiveCfg = Release|Any CPU
		{B348730F-F3FC-41FF-8772-426968EDB7EA}.Release|Any CPU.Build.0 = Release|Any CPU
		{C457BA20-6725-4DCF-A559-98CB10437CA9}.Debug|Any CPU.ActiveCfg = Debug|Any CPU
		{C457BA20-6725-4DCF-A559-98CB10437CA9}.Debug|Any CPU.Build.0 = Debug|Any CPU
		{C457BA20-6725-4DCF-A559-98CB10437CA9}.Release|Any CPU.ActiveCfg = Release|Any CPU
		{C457BA20-6725-4DCF-A559-98CB10437CA9}.Release|Any CPU.Build.0 = Release|Any CPU
		{9839A81E-F4E8-466A-A6ED-D16D074BE1EC}.Debug|Any CPU.ActiveCfg = Debug|Any CPU
		{9839A81E-F4E8-466A-A6ED-D16D074BE1EC}.Debug|Any CPU.Build.0 = Debug|Any CPU
		{9839A81E-F4E8-466A-A6ED-D16D074BE1EC}.Release|Any CPU.ActiveCfg = Release|Any CPU
		{9839A81E-F4E8-466A-A6ED-D16D074BE1EC}.Release|Any CPU.Build.0 = Release|Any CPU
		{09E3B06F-D370-4B97-AEA3-140873F9770E}.Debug|Any CPU.ActiveCfg = Debug|Any CPU
		{09E3B06F-D370-4B97-AEA3-140873F9770E}.Debug|Any CPU.Build.0 = Debug|Any CPU
		{09E3B06F-D370-4B97-AEA3-140873F9770E}.Release|Any CPU.ActiveCfg = Release|Any CPU
		{09E3B06F-D370-4B97-AEA3-140873F9770E}.Release|Any CPU.Build.0 = Release|Any CPU
	EndGlobalSection
	GlobalSection(SolutionProperties) = preSolution
		HideSolutionNode = FALSE
	EndGlobalSection
	GlobalSection(ExtensibilityGlobals) = postSolution
		SolutionGuid = {7D58ECCF-1971-4FE4-96BC-5700491BBC36}
	EndGlobalSection
EndGlobal
